{
    "requires": true,
    "lockfileVersion": 1,
    "dependencies": {
        "bootstrap-sass": {
            "version": "3.3.7",
            "resolved": "http://registry.npm.taobao.org/bootstrap-sass/download/bootstrap-sass-3.3.7.tgz",
            "integrity": "sha1-ZZbHq0D2Y3OTMjqwvIDQZPxjBJg="
        }
    }
}
